// !$*UTF8*$!
{
	archiveVersion = 1;
	classes = {
	};
	objectVersion = 48;
	objects = {

/* Begin PBXBuildFile section */
		545F9518202C59B60026E0AD /* AppDelegate.swift in Sources */ = {isa = PBXBuildFile; fileRef = 545F9517202C59B60026E0AD /* AppDelegate.swift */; };
		545F951A202C59B60026E0AD /* ViewController.swift in Sources */ = {isa = PBXBuildFile; fileRef = 545F9519202C59B60026E0AD /* ViewController.swift */; };
		545F951D202C59B60026E0AD /* Main.storyboard in Resources */ = {isa = PBXBuildFile; fileRef = 545F951B202C59B60026E0AD /* Main.storyboard */; };
		545F951F202C59B60026E0AD /* Assets.xcassets in Resources */ = {isa = PBXBuildFile; fileRef = 545F951E202C59B60026E0AD /* Assets.xcassets */; };
		545F9522202C59B60026E0AD /* LaunchScreen.storyboard in Resources */ = {isa = PBXBuildFile; fileRef = 545F9520202C59B60026E0AD /* LaunchScreen.storyboard */; };
		545F952B202C833E0026E0AD /* ServiceTableViewController.swift in Sources */ = {isa = PBXBuildFile; fileRef = 545F952A202C833E0026E0AD /* ServiceTableViewController.swift */; };
		545F952D202C83800026E0AD /* ServiceTableViewCell.swift in Sources */ = {isa = PBXBuildFile; fileRef = 545F952C202C83800026E0AD /* ServiceTableViewCell.swift */; };
		545F952F202C83D60026E0AD /* ServiceViewController.swift in Sources */ = {isa = PBXBuildFile; fileRef = 545F952E202C83D60026E0AD /* ServiceViewController.swift */; };
/* End PBXBuildFile section */

/* Begin PBXFileReference section */
		545F9514202C59B60026E0AD /* SpontanaFoto&Design.app */ = {isa = PBXFileReference; explicitFileType = wrapper.application; includeInIndex = 0; path = "SpontanaFoto&Design.app"; sourceTree = BUILT_PRODUCTS_DIR; };
		545F9517202C59B60026E0AD /* AppDelegate.swift */ = {isa = PBXFileReference; lastKnownFileType = sourcecode.swift; path = AppDelegate.swift; sourceTree = "<group>"; };
		545F9519202C59B60026E0AD /* ViewController.swift */ = {isa = PBXFileReference; lastKnownFileType = sourcecode.swift; path = ViewController.swift; sourceTree = "<group>"; };
		545F951C202C59B60026E0AD /* Base */ = {isa = PBXFileReference; lastKnownFileType = file.storyboard; name = Base; path = Base.lproj/Main.storyboard; sourceTree = "<group>"; };
		545F951E202C59B60026E0AD /* Assets.xcassets */ = {isa = PBXFileReference; lastKnownFileType = folder.assetcatalog; path = Assets.xcassets; sourceTree = "<group>"; };
		545F9521202C59B60026E0AD /* Base */ = {isa = PBXFileReference; lastKnownFileType = file.storyboard; name = Base; path = Base.lproj/LaunchScreen.storyboard; sourceTree = "<group>"; };
		545F9523202C59B60026E0AD /* Info.plist */ = {isa = PBXFileReference; lastKnownFileType = text.plist.xml; path = Info.plist; sourceTree = "<group>"; };
		545F952A202C833E0026E0AD /* ServiceTableViewController.swift */ = {isa = PBXFileReference; lastKnownFileType = sourcecode.swift; path = ServiceTableViewController.swift; sourceTree = "<group>"; };
		545F952C202C83800026E0AD /* ServiceTableViewCell.swift */ = {isa = PBXFileReference; lastKnownFileType = sourcecode.swift; path = ServiceTableViewCell.swift; sourceTree = "<group>"; };
		545F952E202C83D60026E0AD /* ServiceViewController.swift */ = {isa = PBXFileReference; lastKnownFileType = sourcecode.swift; path = ServiceViewController.swift; sourceTree = "<group>"; };
/* End PBXFileReference section */

/* Begin PBXFrameworksBuildPhase section */
		545F9511202C59B60026E0AD /* Frameworks */ = {
			isa = PBXFrameworksBuildPhase;
			buildActionMask = 2147483647;
			files = (
			);
			runOnlyForDeploymentPostprocessing = 0;
		};
/* End PBXFrameworksBuildPhase section */

/* Begin PBXGroup section */
		545F950B202C59B50026E0AD = {
			isa = PBXGroup;
			children = (
				545F9516202C59B60026E0AD /* SpontanaFoto&Design */,
				545F9515202C59B60026E0AD /* Products */,
			);
			sourceTree = "<group>";
		};
		545F9515202C59B60026E0AD /* Products */ = {
			isa = PBXGroup;
			children = (
				545F9514202C59B60026E0AD /* SpontanaFoto&Design.app */,
			);
			name = Products;
			sourceTree = "<group>";
		};
		545F9516202C59B60026E0AD /* SpontanaFoto&Design */ = {
			isa = PBXGroup;
			children = (
				545F9517202C59B60026E0AD /* AppDelegate.swift */,
				545F9519202C59B60026E0AD /* ViewController.swift */,
				545F9529202C83010026E0AD /* Service */,
				545F951B202C59B60026E0AD /* Main.storyboard */,
				545F951E202C59B60026E0AD /* Assets.xcassets */,
				545F9520202C59B60026E0AD /* LaunchScreen.storyboard */,
				545F9523202C59B60026E0AD /* Info.plist */,
			);
			path = "SpontanaFoto&Design";
			sourceTree = "<group>";
		};
		545F9529202C83010026E0AD /* Service */ = {
			isa = PBXGroup;
			children = (
				545F952A202C833E0026E0AD /* ServiceTableViewController.swift */,
				545F952C202C83800026E0AD /* ServiceTableViewCell.swift */,
				545F952E202C83D60026E0AD /* ServiceViewController.swift */,
			);
			path = Service;
			sourceTree = "<group>";
		};
/* End PBXGroup section */

/* Begin PBXNativeTarget section */
		545F9513202C59B60026E0AD /* SpontanaFoto&Design */ = {
			isa = PBXNativeTarget;
			buildConfigurationList = 545F9526202C59B60026E0AD /* Build configuration list for PBXNativeTarget "SpontanaFoto&Design" */;
			buildPhases = (
				545F9510202C59B60026E0AD /* Sources */,
				545F9511202C59B60026E0AD /* Frameworks */,
				545F9512202C59B60026E0AD /* Resources */,
			);
			buildRules = (
			);
			dependencies = (
			);
			name = "SpontanaFoto&Design";
			productName = "SpontanaFoto&Design";
			productReference = 545F9514202C59B60026E0AD /* SpontanaFoto&Design.app */;
			productType = "com.apple.product-type.application";
		};
/* End PBXNativeTarget section */

/* Begin PBXProject section */
		545F950C202C59B50026E0AD /* Project object */ = {
			isa = PBXProject;
			attributes = {
				LastSwiftUpdateCheck = 0920;
				LastUpgradeCheck = 0920;
				ORGANIZATIONNAME = "Gabriel Martinez";
				TargetAttributes = {
					545F9513202C59B60026E0AD = {
						CreatedOnToolsVersion = 9.2;
						ProvisioningStyle = Automatic;
					};
				};
			};
			buildConfigurationList = 545F950F202C59B50026E0AD /* Build configuration list for PBXProject "SpontanaFoto&Design" */;
			compatibilityVersion = "Xcode 8.0";
			developmentRegion = en;
			hasScannedForEncodings = 0;
			knownRegions = (
				en,
				Base,
			);
			mainGroup = 545F950B202C59B50026E0AD;
			productRefGroup = 545F9515202C59B60026E0AD /* Products */;
			projectDirPath = "";
			projectRoot = "";
			targets = (
				545F9513202C59B60026E0AD /* SpontanaFoto&Design */,
			);
		};
/* End PBXProject section */

/* Begin PBXResourcesBuildPhase section */
		545F9512202C59B60026E0AD /* Resources */ = {
			isa = PBXResourcesBuildPhase;
			buildActionMask = 2147483647;
			files = (
				545F9522202C59B60026E0AD /* LaunchScreen.storyboard in Resources */,
				545F951F202C59B60026E0AD /* Assets.xcassets in Resources */,
				545F951D202C59B60026E0AD /* Main.storyboard in Resources */,
			);
			runOnlyForDeploymentPostprocessing = 0;
		};
/* End PBXResourcesBuildPhase section */

/* Begin PBXSourcesBuildPhase section */
		545F9510202C59B60026E0AD /* Sources */ = {
			isa = PBXSourcesBuildPhase;
			buildActionMask = 2147483647;
			files = (
				545F952B202C833E0026E0AD /* ServiceTableViewController.swift in Sources */,
				545F952D202C83800026E0AD /* ServiceTableViewCell.swift in Sources */,
				545F951A202C59B60026E0AD /* ViewController.swift in Sources */,
				545F952F202C83D60026E0AD /* ServiceViewController.swift in Sources */,
				545F9518202C59B60026E0AD /* AppDelegate.swift in Sources */,
			);
			runOnlyForDeploymentPostprocessing = 0;
		};
/* End PBXSourcesBuildPhase section */

/* Begin PBXVariantGroup section */
		545F951B202C59B60026E0AD /* Main.storyboard */ = {
			isa = PBXVariantGroup;
			children = (
				545F951C202C59B60026E0AD /* Base */,
			);
			name = Main.storyboard;
			sourceTree = "<group>";
		};
		545F9520202C59B60026E0AD /* LaunchScreen.storyboard */ = {
			isa = PBXVariantGroup;
			children = (
				545F9521202C59B60026E0AD /* Base */,
			);
			name = LaunchScreen.storyboard;
			sourceTree = "<group>";
		};
/* End PBXVariantGroup section */

/* Begin XCBuildConfiguration section */
		545F9524202C59B60026E0AD /* Debug */ = {
			isa = XCBuildConfiguration;
			buildSettings = {
				ALWAYS_SEARCH_USER_PATHS = NO;
				CLANG_ANALYZER_NONNULL = YES;
				CLANG_ANALYZER_NUMBER_OBJECT_CONVERSION = YES_AGGRESSIVE;
				CLANG_CXX_LANGUAGE_STANDARD = "gnu++14";
				CLANG_CXX_LIBRARY = "libc++";
				CLANG_ENABLE_MODULES = YES;
				CLANG_ENABLE_OBJC_ARC = YES;
				CLANG_WARN_BLOCK_CAPTURE_AUTORELEASING = YES;
				CLANG_WARN_BOOL_CONVERSION = YES;
				CLANG_WARN_COMMA = YES;
				CLANG_WARN_CONSTANT_CONVERSION = YES;
				CLANG_WARN_DIRECT_OBJC_ISA_USAGE = YES_ERROR;
				CLANG_WARN_DOCUMENTATION_COMMENTS = YES;
				CLANG_WARN_EMPTY_BODY = YES;
				CLANG_WARN_ENUM_CONVERSION = YES;
				CLANG_WARN_INFINITE_RECURSION = YES;
				CLANG_WARN_INT_CONVERSION = YES;
				CLANG_WARN_NON_LITERAL_NULL_CONVERSION = YES;
				CLANG_WARN_OBJC_LITERAL_CONVERSION = YES;
				CLANG_WARN_OBJC_ROOT_CLASS = YES_ERROR;
				CLANG_WARN_RANGE_LOOP_ANALYSIS = YES;
				CLANG_WARN_STRICT_PROTOTYPES = YES;
				CLANG_WARN_SUSPICIOUS_MOVE = YES;
				CLANG_WARN_UNGUARDED_AVAILABILITY = YES_AGGRESSIVE;
				CLANG_WARN_UNREACHABLE_CODE = YES;
				CLANG_WARN__DUPLICATE_METHOD_MATCH = YES;
				CODE_SIGN_IDENTITY = "iPhone Developer";
				COPY_PHASE_STRIP = NO;
				DEBUG_INFORMATION_FORMAT = dwarf;
				ENABLE_STRICT_OBJC_MSGSEND = YES;
				ENABLE_TESTABILITY = YES;
				GCC_C_LANGUAGE_STANDARD = gnu11;
				GCC_DYNAMIC_NO_PIC = NO;
				GCC_NO_COMMON_BLOCKS = YES;
				GCC_OPTIMIZATION_LEVEL = 0;
				GCC_PREPROCESSOR_DEFINITIONS = (
					"DEBUG=1",
					"$(inherited)",
				);
				GCC_WARN_64_TO_32_BIT_CONVERSION = YES;
				GCC_WARN_ABOUT_RETURN_TYPE = YES_ERROR;
				GCC_WARN_UNDECLARED_SELECTOR = YES;
				GCC_WARN_UNINITIALIZED_AUTOS = YES_AGGRESSIVE;
				GCC_WARN_UNUSED_FUNCTION = YES;
				GCC_WARN_UNUSED_VARIABLE = YES;
				IPHONEOS_DEPLOYMENT_TARGET = 11.2;
				MTL_ENABLE_DEBUG_INFO = YES;
				ONLY_ACTIVE_ARCH = YES;
				SDKROOT = iphoneos;
				SWIFT_ACTIVE_COMPILATION_CONDITIONS = DEBUG;
				SWIFT_OPTIMIZATION_LEVEL = "-Onone";
			};
			name = Debug;
		};
		545F9525202C59B60026E0AD /* Release */ = {
			isa = XCBuildConfiguration;
			buildSettings = {
				ALWAYS_SEARCH_USER_PATHS = NO;
				CLANG_ANALYZER_NONNULL = YES;
				CLANG_ANALYZER_NUMBER_OBJECT_CONVERSION = YES_AGGRESSIVE;
				CLANG_CXX_LANGUAGE_STANDARD = "gnu++14";
				CLANG_CXX_LIBRARY = "libc++";
				CLANG_ENABLE_MODULES = YES;
				CLANG_ENABLE_OBJC_ARC = YES;
				CLANG_WARN_BLOCK_CAPTURE_AUTORELEASING = YES;
				CLANG_WARN_BOOL_CONVERSION = YES;
				CLANG_WARN_COMMA = YES;
				CLANG_WARN_CONSTANT_CONVERSION = YES;
				CLANG_WARN_DIRECT_OBJC_ISA_USAGE = YES_ERROR;
				CLANG_WARN_DOCUMENTATION_COMMENTS = YES;
				CLANG_WARN_EMPTY_BODY = YES;
				CLANG_WARN_ENUM_CONVERSION = YES;
				CLANG_WARN_INFINITE_RECURSION = YES;
				CLANG_WARN_INT_CONVERSION = YES;
				CLANG_WARN_NON_LITERAL_NULL_CONVERSION = YES;
				CLANG_WARN_OBJC_LITERAL_CONVERSION = YES;
				CLANG_WARN_OBJC_ROOT_CLASS = YES_ERROR;
				CLANG_WARN_RANGE_LOOP_ANALYSIS = YES;
				CLANG_WARN_STRICT_PROTOTYPES = YES;
				CLANG_WARN_SUSPICIOUS_MOVE = YES;
				CLANG_WARN_UNGUARDED_AVAILABILITY = YES_AGGRESSIVE;
				CLANG_WARN_UNREACHABLE_CODE = YES;
				CLANG_WARN__DUPLICATE_METHOD_MATCH = YES;
				CODE_SIGN_IDENTITY = "iPhone Developer";
				COPY_PHASE_STRIP = NO;
				DEBUG_INFORMATION_FORMAT = "dwarf-with-dsym";
				ENABLE_NS_ASSERTIONS = NO;
				ENABLE_STRICT_OBJC_MSGSEND = YES;
				GCC_C_LANGUAGE_STANDARD = gnu11;
				GCC_NO_COMMON_BLOCKS = YES;
				GCC_WARN_64_TO_32_BIT_CONVERSION = YES;
				GCC_WARN_ABOUT_RETURN_TYPE = YES_ERROR;
				GCC_WARN_UNDECLARED_SELECTOR = YES;
				GCC_WARN_UNINITIALIZED_AUTOS = YES_AGGRESSIVE;
				GCC_WARN_UNUSED_FUNCTION = YES;
				GCC_WARN_UNUSED_VARIABLE = YES;
				IPHONEOS_DEPLOYMENT_TARGET = 11.2;
				MTL_ENABLE_DEBUG_INFO = NO;
				SDKROOT = iphoneos;
				SWIFT_OPTIMIZATION_LEVEL = "-Owholemodule";
				VALIDATE_PRODUCT = YES;
			};
			name = Release;
		};
		545F9527202C59B60026E0AD /* Debug */ = {
			isa = XCBuildConfiguration;
			buildSettings = {
				ASSETCATALOG_COMPILER_APPICON_NAME = AppIcon;
				CODE_SIGN_STYLE = Automatic;
				DEVELOPMENT_TEAM = R47PRGFQ6C;
				INFOPLIST_FILE = "SpontanaFoto&Design/Info.plist";
				LD_RUNPATH_SEARCH_PATHS = "$(inherited) @executable_path/Frameworks";
				PRODUCT_BUNDLE_IDENTIFIER = "se.spontanafotodesign.SpontanaFoto-Design";
				PRODUCT_NAME = "$(TARGET_NAME)";
				SWIFT_VERSION = 4.0;
				TARGETED_DEVICE_FAMILY = "1,2";
			};
			name = Debug;
		};
		545F9528202C59B60026E0AD /* Release */ = {
			isa = XCBuildConfiguration;
			buildSettings = {
				ASSETCATALOG_COMPILER_APPICON_NAME = AppIcon;
				CODE_SIGN_STYLE = Automatic;
				DEVELOPMENT_TEAM = R47PRGFQ6C;
				INFOPLIST_FILE = "SpontanaFoto&Design/Info.plist";
				LD_RUNPATH_SEARCH_PATHS = "$(inherited) @executable_path/Frameworks";
				PRODUCT_BUNDLE_IDENTIFIER = "se.spontanafotodesign.SpontanaFoto-Design";
				PRODUCT_NAME = "$(TARGET_NAME)";
				SWIFT_VERSION = 4.0;
				TARGETED_DEVICE_FAMILY = "1,2";
			};
			name = Release;
		};
/* End XCBuildConfiguration section */

/* Begin XCConfigurationList section */
		545F950F202C59B50026E0AD /* Build configuration list for PBXProject "SpontanaFoto&Design" */ = {
			isa = XCConfigurationList;
			buildConfigurations = (
				545F9524202C59B60026E0AD /* Debug */,
				545F9525202C59B60026E0AD /* Release */,
			);
			defaultConfigurationIsVisible = 0;
			defaultConfigurationName = Release;
		};
		545F9526202C59B60026E0AD /* Build configuration list for PBXNativeTarget "SpontanaFoto&Design" */ = {
			isa = XCConfigurationList;
			buildConfigurations = (
				545F9527202C59B60026E0AD /* Debug */,
				545F9528202C59B60026E0AD /* Release */,
			);
			defaultConfigurationIsVisible = 0;
			defaultConfigurationName = Release;
		};
/* End XCConfigurationList section */
	};
	rootObject = 545F950C202C59B50026E0AD /* Project object */;
}
